// !$*UTF8*$!
{
	archiveVersion = 1;
	classes = {
	};
	objectVersion = 56;
	objects = {

/* Begin PBXBuildFile section */
		4536E71E2C7C92070050E2C5 /* FixTextApp.swift in Sources */ = {isa = PBXBuildFile; fileRef = 4536E71D2C7C92070050E2C5 /* FixTextApp.swift */; };
		4536E7202C7C92070050E2C5 /* ContentView.swift in Sources */ = {isa = PBXBuildFile; fileRef = 4536E71F2C7C92070050E2C5 /* ContentView.swift */; };
		4536E7222C7C92080050E2C5 /* Assets.xcassets in Resources */ = {isa = PBXBuildFile; fileRef = 4536E7212C7C92080050E2C5 /* Assets.xcassets */; };
		4536E7252C7C92080050E2C5 /* Preview Assets.xcassets in Resources */ = {isa = PBXBuildFile; fileRef = 4536E7242C7C92080050E2C5 /* Preview Assets.xcassets */; };
		4536E7302C7C92080050E2C5 /* FixTextTests.swift in Sources */ = {isa = PBXBuildFile; fileRef = 4536E72F2C7C92080050E2C5 /* FixTextTests.swift */; };
		4536E73A2C7C92080050E2C5 /* FixTextUITests.swift in Sources */ = {isa = PBXBuildFile; fileRef = 4536E7392C7C92080050E2C5 /* FixTextUITests.swift */; };
		4536E73C2C7C92080050E2C5 /* FixTextUITestsLaunchTests.swift in Sources */ = {isa = PBXBuildFile; fileRef = 4536E73B2C7C92080050E2C5 /* FixTextUITestsLaunchTests.swift */; };
/* End PBXBuildFile section */

/* Begin PBXContainerItemProxy section */
		4536E72C2C7C92080050E2C5 /* PBXContainerItemProxy */ = {
			isa = PBXContainerItemProxy;
			containerPortal = 4536E7122C7C92070050E2C5 /* Project object */;
			proxyType = 1;
			remoteGlobalIDString = 4536E7192C7C92070050E2C5;
			remoteInfo = FixText;
		};
		4536E7362C7C92080050E2C5 /* PBXContainerItemProxy */ = {
			isa = PBXContainerItemProxy;
			containerPortal = 4536E7122C7C92070050E2C5 /* Project object */;
			proxyType = 1;
			remoteGlobalIDString = 4536E7192C7C92070050E2C5;
			remoteInfo = FixText;
		};
/* End PBXContainerItemProxy section */

/* Begin PBXFileReference section */
		4536E71A2C7C92070050E2C5 /* FixText.app */ = {isa = PBXFileReference; explicitFileType = wrapper.application; includeInIndex = 0; path = FixText.app; sourceTree = BUILT_PRODUCTS_DIR; };
		4536E71D2C7C92070050E2C5 /* FixTextApp.swift */ = {isa = PBXFileReference; lastKnownFileType = sourcecode.swift; path = FixTextApp.swift; sourceTree = "<group>"; };
		4536E71F2C7C92070050E2C5 /* ContentView.swift */ = {isa = PBXFileReference; lastKnownFileType = sourcecode.swift; path = ContentView.swift; sourceTree = "<group>"; };
		4536E7212C7C92080050E2C5 /* Assets.xcassets */ = {isa = PBXFileReference; lastKnownFileType = folder.assetcatalog; path = Assets.xcassets; sourceTree = "<group>"; };
		4536E7242C7C92080050E2C5 /* Preview Assets.xcassets */ = {isa = PBXFileReference; lastKnownFileType = folder.assetcatalog; path = "Preview Assets.xcassets"; sourceTree = "<group>"; };
		4536E7262C7C92080050E2C5 /* FixText.entitlements */ = {isa = PBXFileReference; lastKnownFileType = text.plist.entitlements; path = FixText.entitlements; sourceTree = "<group>"; };
		4536E72B2C7C92080050E2C5 /* FixTextTests.xctest */ = {isa = PBXFileReference; explicitFileType = wrapper.cfbundle; includeInIndex = 0; path = FixTextTests.xctest; sourceTree = BUILT_PRODUCTS_DIR; };
		4536E72F2C7C92080050E2C5 /* FixTextTests.swift */ = {isa = PBXFileReference; lastKnownFileType = sourcecode.swift; path = FixTextTests.swift; sourceTree = "<group>"; };
		4536E7352C7C92080050E2C5 /* FixTextUITests.xctest */ = {isa = PBXFileReference; explicitFileType = wrapper.cfbundle; includeInIndex = 0; path = FixTextUITests.xctest; sourceTree = BUILT_PRODUCTS_DIR; };
		4536E7392C7C92080050E2C5 /* FixTextUITests.swift */ = {isa = PBXFileReference; lastKnownFileType = sourcecode.swift; path = FixTextUITests.swift; sourceTree = "<group>"; };
		4536E73B2C7C92080050E2C5 /* FixTextUITestsLaunchTests.swift */ = {isa = PBXFileReference; lastKnownFileType = sourcecode.swift; path = FixTextUITestsLaunchTests.swift; sourceTree = "<group>"; };
/* End PBXFileReference section */

/* Begin PBXFrameworksBuildPhase section */
		4536E7172C7C92070050E2C5 /* Frameworks */ = {
			isa = PBXFrameworksBuildPhase;
			buildActionMask = 2147483647;
			files = (
			);
			runOnlyForDeploymentPostprocessing = 0;
		};
		4536E7282C7C92080050E2C5 /* Frameworks */ = {
			isa = PBXFrameworksBuildPhase;
			buildActionMask = 2147483647;
			files = (
			);
			runOnlyForDeploymentPostprocessing = 0;
		};
		4536E7322C7C92080050E2C5 /* Frameworks */ = {
			isa = PBXFrameworksBuildPhase;
			buildActionMask = 2147483647;
			files = (
			);
			runOnlyForDeploymentPostprocessing = 0;
		};
/* End PBXFrameworksBuildPhase section */

/* Begin PBXGroup section */
		4536E7112C7C92070050E2C5 = {
			isa = PBXGroup;
			children = (
				4536E71C2C7C92070050E2C5 /* FixText */,
				4536E72E2C7C92080050E2C5 /* FixTextTests */,
				4536E7382C7C92080050E2C5 /* FixTextUITests */,
				4536E71B2C7C92070050E2C5 /* Products */,
			);
			sourceTree = "<group>";
		};
		4536E71B2C7C92070050E2C5 /* Products */ = {
			isa = PBXGroup;
			children = (
				4536E71A2C7C92070050E2C5 /* FixText.app */,
				4536E72B2C7C92080050E2C5 /* FixTextTests.xctest */,
				4536E7352C7C92080050E2C5 /* FixTextUITests.xctest */,
			);
			name = Products;
			sourceTree = "<group>";
		};
		4536E71C2C7C92070050E2C5 /* FixText */ = {
			isa = PBXGroup;
			children = (
				4536E71D2C7C92070050E2C5 /* FixTextApp.swift */,
				4536E71F2C7C92070050E2C5 /* ContentView.swift */,
				4536E7212C7C92080050E2C5 /* Assets.xcassets */,
				4536E7262C7C92080050E2C5 /* FixText.entitlements */,
				4536E7232C7C92080050E2C5 /* Preview Content */,
			);
			path = FixText;
			sourceTree = "<group>";
		};
		4536E7232C7C92080050E2C5 /* Preview Content */ = {
			isa = PBXGroup;
			children = (
				4536E7242C7C92080050E2C5 /* Preview Assets.xcassets */,
			);
			path = "Preview Content";
			sourceTree = "<group>";
		};
		4536E72E2C7C92080050E2C5 /* FixTextTests */ = {
			isa = PBXGroup;
			children = (
				4536E72F2C7C92080050E2C5 /* FixTextTests.swift */,
			);
			path = FixTextTests;
			sourceTree = "<group>";
		};
		4536E7382C7C92080050E2C5 /* FixTextUITests */ = {
			isa = PBXGroup;
			children = (
				4536E7392C7C92080050E2C5 /* FixTextUITests.swift */,
				4536E73B2C7C92080050E2C5 /* FixTextUITestsLaunchTests.swift */,
			);
			path = FixTextUITests;
			sourceTree = "<group>";
		};
/* End PBXGroup section */

/* Begin PBXNativeTarget section */
		4536E7192C7C92070050E2C5 /* FixText */ = {
			isa = PBXNativeTarget;
			buildConfigurationList = 4536E73F2C7C92080050E2C5 /* Build configuration list for PBXNativeTarget "FixText" */;
			buildPhases = (
				4536E7162C7C92070050E2C5 /* Sources */,
				4536E7172C7C92070050E2C5 /* Frameworks */,
				4536E7182C7C92070050E2C5 /* Resources */,
			);
			buildRules = (
			);
			dependencies = (
			);
			name = FixText;
			productName = FixText;
			productReference = 4536E71A2C7C92070050E2C5 /* FixText.app */;
			productType = "com.apple.product-type.application";
		};
		4536E72A2C7C92080050E2C5 /* FixTextTests */ = {
			isa = PBXNativeTarget;
			buildConfigurationList = 4536E7422C7C92080050E2C5 /* Build configuration list for PBXNativeTarget "FixTextTests" */;
			buildPhases = (
				4536E7272C7C92080050E2C5 /* Sources */,
				4536E7282C7C92080050E2C5 /* Frameworks */,
				4536E7292C7C92080050E2C5 /* Resources */,
			);
			buildRules = (
			);
			dependencies = (
				4536E72D2C7C92080050E2C5 /* PBXTargetDependency */,
			);
			name = FixTextTests;
			productName = FixTextTests;
			productReference = 4536E72B2C7C92080050E2C5 /* FixTextTests.xctest */;
			productType = "com.apple.product-type.bundle.unit-test";
		};
		4536E7342C7C92080050E2C5 /* FixTextUITests */ = {
			isa = PBXNativeTarget;
			buildConfigurationList = 4536E7452C7C92080050E2C5 /* Build configuration list for PBXNativeTarget "FixTextUITests" */;
			buildPhases = (
				4536E7312C7C92080050E2C5 /* Sources */,
				4536E7322C7C92080050E2C5 /* Frameworks */,
				4536E7332C7C92080050E2C5 /* Resources */,
			);
			buildRules = (
			);
			dependencies = (
				4536E7372C7C92080050E2C5 /* PBXTargetDependency */,
			);
			name = FixTextUITests;
			productName = FixTextUITests;
			productReference = 4536E7352C7C92080050E2C5 /* FixTextUITests.xctest */;
			productType = "com.apple.product-type.bundle.ui-testing";
		};
/* End PBXNativeTarget section */

/* Begin PBXProject section */
		4536E7122C7C92070050E2C5 /* Project object */ = {
			isa = PBXProject;
			attributes = {
				BuildIndependentTargetsInParallel = 1;
				LastSwiftUpdateCheck = 1540;
				LastUpgradeCheck = 1540;
				TargetAttributes = {
					4536E7192C7C92070050E2C5 = {
						CreatedOnToolsVersion = 15.4;
					};
					4536E72A2C7C92080050E2C5 = {
						CreatedOnToolsVersion = 15.4;
						TestTargetID = 4536E7192C7C92070050E2C5;
					};
					4536E7342C7C92080050E2C5 = {
						CreatedOnToolsVersion = 15.4;
						TestTargetID = 4536E7192C7C92070050E2C5;
					};
				};
			};
			buildConfigurationList = 4536E7152C7C92070050E2C5 /* Build configuration list for PBXProject "FixText" */;
			compatibilityVersion = "Xcode 14.0";
			developmentRegion = en;
			hasScannedForEncodings = 0;
			knownRegions = (
				en,
				Base,
			);
			mainGroup = 4536E7112C7C92070050E2C5;
			productRefGroup = 4536E71B2C7C92070050E2C5 /* Products */;
			projectDirPath = "";
			projectRoot = "";
			targets = (
				4536E7192C7C92070050E2C5 /* FixText */,
				4536E72A2C7C92080050E2C5 /* FixTextTests */,
				4536E7342C7C92080050E2C5 /* FixTextUITests */,
			);
		};
/* End PBXProject section */

/* Begin PBXResourcesBuildPhase section */
		4536E7182C7C92070050E2C5 /* Resources */ = {
			isa = PBXResourcesBuildPhase;
			buildActionMask = 2147483647;
			files = (
				4536E7252C7C92080050E2C5 /* Preview Assets.xcassets in Resources */,
				4536E7222C7C92080050E2C5 /* Assets.xcassets in Resources */,
			);
			runOnlyForDeploymentPostprocessing = 0;
		};
		4536E7292C7C92080050E2C5 /* Resources */ = {
			isa = PBXResourcesBuildPhase;
			buildActionMask = 2147483647;
			files = (
			);
			runOnlyForDeploymentPostprocessing = 0;
		};
		4536E7332C7C92080050E2C5 /* Resources */ = {
			isa = PBXResourcesBuildPhase;
			buildActionMask = 2147483647;
			files = (
			);
			runOnlyForDeploymentPostprocessing = 0;
		};
/* End PBXResourcesBuildPhase section */

/* Begin PBXSourcesBuildPhase section */
		4536E7162C7C92070050E2C5 /* Sources */ = {
			isa = PBXSourcesBuildPhase;
			buildActionMask = 2147483647;
			files = (
				4536E7202C7C92070050E2C5 /* ContentView.swift in Sources */,
				4536E71E2C7C92070050E2C5 /* FixTextApp.swift in Sources */,
			);
			runOnlyForDeploymentPostprocessing = 0;
		};
		4536E7272C7C92080050E2C5 /* Sources */ = {
			isa = PBXSourcesBuildPhase;
			buildActionMask = 2147483647;
			files = (
				4536E7302C7C92080050E2C5 /* FixTextTests.swift in Sources */,
			);
			runOnlyForDeploymentPostprocessing = 0;
		};
		4536E7312C7C92080050E2C5 /* Sources */ = {
			isa = PBXSourcesBuildPhase;
			buildActionMask = 2147483647;
			files = (
				4536E73A2C7C92080050E2C5 /* FixTextUITests.swift in Sources */,
				4536E73C2C7C92080050E2C5 /* FixTextUITestsLaunchTests.swift in Sources */,
			);
			runOnlyForDeploymentPostprocessing = 0;
		};
/* End PBXSourcesBuildPhase section */

/* Begin PBXTargetDependency section */
		4536E72D2C7C92080050E2C5 /* PBXTargetDependency */ = {
			isa = PBXTargetDependency;
			target = 4536E7192C7C92070050E2C5 /* FixText */;
			targetProxy = 4536E72C2C7C92080050E2C5 /* PBXContainerItemProxy */;
		};
		4536E7372C7C92080050E2C5 /* PBXTargetDependency */ = {
			isa = PBXTargetDependency;
			target = 4536E7192C7C92070050E2C5 /* FixText */;
			targetProxy = 4536E7362C7C92080050E2C5 /* PBXContainerItemProxy */;
		};
/* End PBXTargetDependency section */

/* Begin XCBuildConfiguration section */
		4536E73D2C7C92080050E2C5 /* Debug */ = {
			isa = XCBuildConfiguration;
			buildSettings = {
				ALWAYS_SEARCH_USER_PATHS = NO;
				ASSETCATALOG_COMPILER_GENERATE_SWIFT_ASSET_SYMBOL_EXTENSIONS = YES;
				CLANG_ANALYZER_NONNULL = YES;
				CLANG_ANALYZER_NUMBER_OBJECT_CONVERSION = YES_AGGRESSIVE;
				CLANG_CXX_LANGUAGE_STANDARD = "gnu++20";
				CLANG_ENABLE_MODULES = YES;
				CLANG_ENABLE_OBJC_ARC = YES;
				CLANG_ENABLE_OBJC_WEAK = YES;
				CLANG_WARN_BLOCK_CAPTURE_AUTORELEASING = YES;
				CLANG_WARN_BOOL_CONVERSION = YES;
				CLANG_WARN_COMMA = YES;
				CLANG_WARN_CONSTANT_CONVERSION = YES;
				CLANG_WARN_DEPRECATED_OBJC_IMPLEMENTATIONS = YES;
				CLANG_WARN_DIRECT_OBJC_ISA_USAGE = YES_ERROR;
				CLANG_WARN_DOCUMENTATION_COMMENTS = YES;
				CLANG_WARN_EMPTY_BODY = YES;
				CLANG_WARN_ENUM_CONVERSION = YES;
				CLANG_WARN_INFINITE_RECURSION = YES;
				CLANG_WARN_INT_CONVERSION = YES;
				CLANG_WARN_NON_LITERAL_NULL_CONVERSION = YES;
				CLANG_WARN_OBJC_IMPLICIT_RETAIN_SELF = YES;
				CLANG_WARN_OBJC_LITERAL_CONVERSION = YES;
				CLANG_WARN_OBJC_ROOT_CLASS = YES_ERROR;
				CLANG_WARN_QUOTED_INCLUDE_IN_FRAMEWORK_HEADER = YES;
				CLANG_WARN_RANGE_LOOP_ANALYSIS = YES;
				CLANG_WARN_STRICT_PROTOTYPES = YES;
				CLANG_WARN_SUSPICIOUS_MOVE = YES;
				CLANG_WARN_UNGUARDED_AVAILABILITY = YES_AGGRESSIVE;
				CLANG_WARN_UNREACHABLE_CODE = YES;
				CLANG_WARN__DUPLICATE_METHOD_MATCH = YES;
				COPY_PHASE_STRIP = NO;
				DEBUG_INFORMATION_FORMAT = dwarf;
				ENABLE_STRICT_OBJC_MSGSEND = YES;
				ENABLE_TESTABILITY = YES;
				ENABLE_USER_SCRIPT_SANDBOXING = YES;
				GCC_C_LANGUAGE_STANDARD = gnu17;
				GCC_DYNAMIC_NO_PIC = NO;
				GCC_NO_COMMON_BLOCKS = YES;
				GCC_OPTIMIZATION_LEVEL = 0;
				GCC_PREPROCESSOR_DEFINITIONS = (
					"DEBUG=1",
					"$(inherited)",
				);
				GCC_WARN_64_TO_32_BIT_CONVERSION = YES;
				GCC_WARN_ABOUT_RETURN_TYPE = YES_ERROR;
				GCC_WARN_UNDECLARED_SELECTOR = YES;
				GCC_WARN_UNINITIALIZED_AUTOS = YES_AGGRESSIVE;
				GCC_WARN_UNUSED_FUNCTION = YES;
				GCC_WARN_UNUSED_VARIABLE = YES;
				LOCALIZATION_PREFERS_STRING_CATALOGS = YES;
				MACOSX_DEPLOYMENT_TARGET = 14.5;
				MTL_ENABLE_DEBUG_INFO = INCLUDE_SOURCE;
				MTL_FAST_MATH = YES;
				ONLY_ACTIVE_ARCH = YES;
				SDKROOT = macosx;
				SWIFT_ACTIVE_COMPILATION_CONDITIONS = "DEBUG $(inherited)";
				SWIFT_OPTIMIZATION_LEVEL = "-Onone";
			};
			name = Debug;
		};
		4536E73E2C7C92080050E2C5 /* Release */ = {
			isa = XCBuildConfiguration;
			buildSettings = {
				ALWAYS_SEARCH_USER_PATHS = NO;
				ASSETCATALOG_COMPILER_GENERATE_SWIFT_ASSET_SYMBOL_EXTENSIONS = YES;
				CLANG_ANALYZER_NONNULL = YES;
				CLANG_ANALYZER_NUMBER_OBJECT_CONVERSION = YES_AGGRESSIVE;
				CLANG_CXX_LANGUAGE_STANDARD = "gnu++20";
				CLANG_ENABLE_MODULES = YES;
				CLANG_ENABLE_OBJC_ARC = YES;
				CLANG_ENABLE_OBJC_WEAK = YES;
				CLANG_WARN_BLOCK_CAPTURE_AUTORELEASING = YES;
				CLANG_WARN_BOOL_CONVERSION = YES;
				CLANG_WARN_COMMA = YES;
				CLANG_WARN_CONSTANT_CONVERSION = YES;
				CLANG_WARN_DEPRECATED_OBJC_IMPLEMENTATIONS = YES;
				CLANG_WARN_DIRECT_OBJC_ISA_USAGE = YES_ERROR;
				CLANG_WARN_DOCUMENTATION_COMMENTS = YES;
				CLANG_WARN_EMPTY_BODY = YES;
				CLANG_WARN_ENUM_CONVERSION = YES;
				CLANG_WARN_INFINITE_RECURSION = YES;
				CLANG_WARN_INT_CONVERSION = YES;
				CLANG_WARN_NON_LITERAL_NULL_CONVERSION = YES;
				CLANG_WARN_OBJC_IMPLICIT_RETAIN_SELF = YES;
				CLANG_WARN_OBJC_LITERAL_CONVERSION = YES;
				CLANG_WARN_OBJC_ROOT_CLASS = YES_ERROR;
				CLANG_WARN_QUOTED_INCLUDE_IN_FRAMEWORK_HEADER = YES;
				CLANG_WARN_RANGE_LOOP_ANALYSIS = YES;
				CLANG_WARN_STRICT_PROTOTYPES = YES;
				CLANG_WARN_SUSPICIOUS_MOVE = YES;
				CLANG_WARN_UNGUARDED_AVAILABILITY = YES_AGGRESSIVE;
				CLANG_WARN_UNREACHABLE_CODE = YES;
				CLANG_WARN__DUPLICATE_METHOD_MATCH = YES;
				COPY_PHASE_STRIP = NO;
				DEBUG_INFORMATION_FORMAT = "dwarf-with-dsym";
				ENABLE_NS_ASSERTIONS = NO;
				ENABLE_STRICT_OBJC_MSGSEND = YES;
				ENABLE_USER_SCRIPT_SANDBOXING = YES;
				GCC_C_LANGUAGE_STANDARD = gnu17;
				GCC_NO_COMMON_BLOCKS = YES;
				GCC_WARN_64_TO_32_BIT_CONVERSION = YES;
				GCC_WARN_ABOUT_RETURN_TYPE = YES_ERROR;
				GCC_WARN_UNDECLARED_SELECTOR = YES;
				GCC_WARN_UNINITIALIZED_AUTOS = YES_AGGRESSIVE;
				GCC_WARN_UNUSED_FUNCTION = YES;
				GCC_WARN_UNUSED_VARIABLE = YES;
				LOCALIZATION_PREFERS_STRING_CATALOGS = YES;
				MACOSX_DEPLOYMENT_TARGET = 14.5;
				MTL_ENABLE_DEBUG_INFO = NO;
				MTL_FAST_MATH = YES;
				SDKROOT = macosx;
				SWIFT_COMPILATION_MODE = wholemodule;
			};
			name = Release;
		};
		4536E7402C7C92080050E2C5 /* Debug */ = {
			isa = XCBuildConfiguration;
			buildSettings = {
				ASSETCATALOG_COMPILER_APPICON_NAME = AppIcon;
				ASSETCATALOG_COMPILER_GLOBAL_ACCENT_COLOR_NAME = AccentColor;
				CODE_SIGN_ENTITLEMENTS = FixText/FixText.entitlements;
				CODE_SIGN_STYLE = Automatic;
				COMBINE_HIDPI_IMAGES = YES;
				CURRENT_PROJECT_VERSION = 1;
				DEVELOPMENT_ASSET_PATHS = "\"FixText/Preview Content\"";
				DEVELOPMENT_TEAM = 9S8FFZ4U54;
				ENABLE_HARDENED_RUNTIME = YES;
				ENABLE_PREVIEWS = YES;
				GENERATE_INFOPLIST_FILE = YES;
				INFOPLIST_KEY_NSHumanReadableCopyright = "";
				LD_RUNPATH_SEARCH_PATHS = (
					"$(inherited)",
					"@executable_path/../Frameworks",
				);
				MARKETING_VERSION = 1.0;
				PRODUCT_BUNDLE_IDENTIFIER = Me.FixText;
				PRODUCT_NAME = "$(TARGET_NAME)";
				SWIFT_EMIT_LOC_STRINGS = YES;
				SWIFT_VERSION = 5.0;
			};
			name = Debug;
		};
		4536E7412C7C92080050E2C5 /* Release */ = {
			isa = XCBuildConfiguration;
			buildSettings = {
				ASSETCATALOG_COMPILER_APPICON_NAME = AppIcon;
				ASSETCATALOG_COMPILER_GLOBAL_ACCENT_COLOR_NAME = AccentColor;
				CODE_SIGN_ENTITLEMENTS = FixText/FixText.entitlements;
				CODE_SIGN_STYLE = Automatic;
				COMBINE_HIDPI_IMAGES = YES;
				CURRENT_PROJECT_VERSION = 1;
				DEVELOPMENT_ASSET_PATHS = "\"FixText/Preview Content\"";
				DEVELOPMENT_TEAM = 9S8FFZ4U54;
				ENABLE_HARDENED_RUNTIME = YES;
				ENABLE_PREVIEWS = YES;
				GENERATE_INFOPLIST_FILE = YES;
				INFOPLIST_KEY_NSHumanReadableCopyright = "";
				LD_RUNPATH_SEARCH_PATHS = (
					"$(inherited)",
					"@executable_path/../Frameworks",
				);
				MARKETING_VERSION = 1.0;
				PRODUCT_BUNDLE_IDENTIFIER = Me.FixText;
				PRODUCT_NAME = "$(TARGET_NAME)";
				SWIFT_EMIT_LOC_STRINGS = YES;
				SWIFT_VERSION = 5.0;
			};
			name = Release;
		};
		4536E7432C7C92080050E2C5 /* Debug */ = {
			isa = XCBuildConfiguration;
			buildSettings = {
				ALWAYS_EMBED_SWIFT_STANDARD_LIBRARIES = YES;
				BUNDLE_LOADER = "$(TEST_HOST)";
				CODE_SIGN_STYLE = Automatic;
				CURRENT_PROJECT_VERSION = 1;
				DEVELOPMENT_TEAM = 9S8FFZ4U54;
				GENERATE_INFOPLIST_FILE = YES;
				MACOSX_DEPLOYMENT_TARGET = 14.5;
				MARKETING_VERSION = 1.0;
				PRODUCT_BUNDLE_IDENTIFIER = Me.FixTextTests;
				PRODUCT_NAME = "$(TARGET_NAME)";
				SWIFT_EMIT_LOC_STRINGS = NO;
				SWIFT_VERSION = 5.0;
				TEST_HOST = "$(BUILT_PRODUCTS_DIR)/FixText.app/$(BUNDLE_EXECUTABLE_FOLDER_PATH)/FixText";
			};
			name = Debug;
		};
		4536E7442C7C92080050E2C5 /* Release */ = {
			isa = XCBuildConfiguration;
			buildSettings = {
				ALWAYS_EMBED_SWIFT_STANDARD_LIBRARIES = YES;
				BUNDLE_LOADER = "$(TEST_HOST)";
				CODE_SIGN_STYLE = Automatic;
				CURRENT_PROJECT_VERSION = 1;
				DEVELOPMENT_TEAM = 9S8FFZ4U54;
				GENERATE_INFOPLIST_FILE = YES;
				MACOSX_DEPLOYMENT_TARGET = 14.5;
				MARKETING_VERSION = 1.0;
				PRODUCT_BUNDLE_IDENTIFIER = Me.FixTextTests;
				PRODUCT_NAME = "$(TARGET_NAME)";
				SWIFT_EMIT_LOC_STRINGS = NO;
				SWIFT_VERSION = 5.0;
				TEST_HOST = "$(BUILT_PRODUCTS_DIR)/FixText.app/$(BUNDLE_EXECUTABLE_FOLDER_PATH)/FixText";
			};
			name = Release;
		};
		4536E7462C7C92080050E2C5 /* Debug */ = {
			isa = XCBuildConfiguration;
			buildSettings = {
				ALWAYS_EMBED_SWIFT_STANDARD_LIBRARIES = YES;
				CODE_SIGN_STYLE = Automatic;
				CURRENT_PROJECT_VERSION = 1;
				DEVELOPMENT_TEAM = 9S8FFZ4U54;
				GENERATE_INFOPLIST_FILE = YES;
				MARKETING_VERSION = 1.0;
				PRODUCT_BUNDLE_IDENTIFIER = Me.FixTextUITests;
				PRODUCT_NAME = "$(TARGET_NAME)";
				SWIFT_EMIT_LOC_STRINGS = NO;
				SWIFT_VERSION = 5.0;
				TEST_TARGET_NAME = FixText;
			};
			name = Debug;
		};
		4536E7472C7C92080050E2C5 /* Release */ = {
			isa = XCBuildConfiguration;
			buildSettings = {
				ALWAYS_EMBED_SWIFT_STANDARD_LIBRARIES = YES;
				CODE_SIGN_STYLE = Automatic;
				CURRENT_PROJECT_VERSION = 1;
				DEVELOPMENT_TEAM = 9S8FFZ4U54;
				GENERATE_INFOPLIST_FILE = YES;
				MARKETING_VERSION = 1.0;
				PRODUCT_BUNDLE_IDENTIFIER = Me.FixTextUITests;
				PRODUCT_NAME = "$(TARGET_NAME)";
				SWIFT_EMIT_LOC_STRINGS = NO;
				SWIFT_VERSION = 5.0;
				TEST_TARGET_NAME = FixText;
			};
			name = Release;
		};
/* End XCBuildConfiguration section */

/* Begin XCConfigurationList section */
		4536E7152C7C92070050E2C5 /* Build configuration list for PBXProject "FixText" */ = {
			isa = XCConfigurationList;
			buildConfigurations = (
				4536E73D2C7C92080050E2C5 /* Debug */,
				4536E73E2C7C92080050E2C5 /* Release */,
			);
			defaultConfigurationIsVisible = 0;
			defaultConfigurationName = Release;
		};
		4536E73F2C7C92080050E2C5 /* Build configuration list for PBXNativeTarget "FixText" */ = {
			isa = XCConfigurationList;
			buildConfigurations = (
				4536E7402C7C92080050E2C5 /* Debug */,
				4536E7412C7C92080050E2C5 /* Release */,
			);
			defaultConfigurationIsVisible = 0;
			defaultConfigurationName = Release;
		};
		4536E7422C7C92080050E2C5 /* Build configuration list for PBXNativeTarget "FixTextTests" */ = {
			isa = XCConfigurationList;
			buildConfigurations = (
				4536E7432C7C92080050E2C5 /* Debug */,
				4536E7442C7C92080050E2C5 /* Release */,
			);
			defaultConfigurationIsVisible = 0;
			defaultConfigurationName = Release;
		};
		4536E7452C7C92080050E2C5 /* Build configuration list for PBXNativeTarget "FixTextUITests" */ = {
			isa = XCConfigurationList;
			buildConfigurations = (
				4536E7462C7C92080050E2C5 /* Debug */,
				4536E7472C7C92080050E2C5 /* Release */,
			);
			defaultConfigurationIsVisible = 0;
			defaultConfigurationName = Release;
		};
/* End XCConfigurationList section */
	};
	rootObject = 4536E7122C7C92070050E2C5 /* Project object */;
}
